// !$*UTF8*$!
{
	archiveVersion = 1;
	classes = {
	};
	objectVersion = 50;
	objects = {

/* Begin PBXBuildFile section */
		040B7DC227D4DE0800DCAAEA /* AppDelegate.swift in Sources */ = {isa = PBXBuildFile; fileRef = 040B7DC127D4DE0800DCAAEA /* AppDelegate.swift */; };
		040B7DC427D4DE0800DCAAEA /* SceneDelegate.swift in Sources */ = {isa = PBXBuildFile; fileRef = 040B7DC327D4DE0800DCAAEA /* SceneDelegate.swift */; };
		040B7DC627D4DE0800DCAAEA /* WeatherViewController.swift in Sources */ = {isa = PBXBuildFile; fileRef = 040B7DC527D4DE0800DCAAEA /* WeatherViewController.swift */; };
		040B7DC927D4DE0800DCAAEA /* Main.storyboard in Resources */ = {isa = PBXBuildFile; fileRef = 040B7DC727D4DE0800DCAAEA /* Main.storyboard */; };
		040B7DCB27D4DE0A00DCAAEA /* Assets.xcassets in Resources */ = {isa = PBXBuildFile; fileRef = 040B7DCA27D4DE0A00DCAAEA /* Assets.xcassets */; };
		040B7DCE27D4DE0A00DCAAEA /* LaunchScreen.storyboard in Resources */ = {isa = PBXBuildFile; fileRef = 040B7DCC27D4DE0A00DCAAEA /* LaunchScreen.storyboard */; };
		040B7DDE27D4E16D00DCAAEA /* Weather.swift in Sources */ = {isa = PBXBuildFile; fileRef = 040B7DDD27D4E16D00DCAAEA /* Weather.swift */; };
		040B7DE127D4E17100DCAAEA /* WeatherManager.swift in Sources */ = {isa = PBXBuildFile; fileRef = 040B7DE027D4E17100DCAAEA /* WeatherManager.swift */; };
		040B7DE427D4E17500DCAAEA /* WeatherModel.swift in Sources */ = {isa = PBXBuildFile; fileRef = 040B7DE327D4E17500DCAAEA /* WeatherModel.swift */; };
/* End PBXBuildFile section */

/* Begin PBXFileReference section */
		040B7DBE27D4DE0800DCAAEA /* WeatherApp.app */ = {isa = PBXFileReference; explicitFileType = wrapper.application; includeInIndex = 0; path = WeatherApp.app; sourceTree = BUILT_PRODUCTS_DIR; };
		040B7DC127D4DE0800DCAAEA /* AppDelegate.swift */ = {isa = PBXFileReference; lastKnownFileType = sourcecode.swift; path = AppDelegate.swift; sourceTree = "<group>"; };
		040B7DC327D4DE0800DCAAEA /* SceneDelegate.swift */ = {isa = PBXFileReference; lastKnownFileType = sourcecode.swift; path = SceneDelegate.swift; sourceTree = "<group>"; };
		040B7DC527D4DE0800DCAAEA /* WeatherViewController.swift */ = {isa = PBXFileReference; lastKnownFileType = sourcecode.swift; path = WeatherViewController.swift; sourceTree = "<group>"; };
		040B7DC827D4DE0800DCAAEA /* Base */ = {isa = PBXFileReference; lastKnownFileType = file.storyboard; name = Base; path = Base.lproj/Main.storyboard; sourceTree = "<group>"; };
		040B7DCA27D4DE0A00DCAAEA /* Assets.xcassets */ = {isa = PBXFileReference; lastKnownFileType = folder.assetcatalog; path = Assets.xcassets; sourceTree = "<group>"; };
		040B7DCD27D4DE0A00DCAAEA /* Base */ = {isa = PBXFileReference; lastKnownFileType = file.storyboard; name = Base; path = Base.lproj/LaunchScreen.storyboard; sourceTree = "<group>"; };
		040B7DCF27D4DE0A00DCAAEA /* Info.plist */ = {isa = PBXFileReference; lastKnownFileType = text.plist.xml; path = Info.plist; sourceTree = "<group>"; };
		040B7DDD27D4E16D00DCAAEA /* Weather.swift */ = {isa = PBXFileReference; fileEncoding = 4; lastKnownFileType = sourcecode.swift; path = Weather.swift; sourceTree = "<group>"; };
		040B7DE027D4E17100DCAAEA /* WeatherManager.swift */ = {isa = PBXFileReference; fileEncoding = 4; lastKnownFileType = sourcecode.swift; path = WeatherManager.swift; sourceTree = "<group>"; };
		040B7DE327D4E17500DCAAEA /* WeatherModel.swift */ = {isa = PBXFileReference; fileEncoding = 4; lastKnownFileType = sourcecode.swift; path = WeatherModel.swift; sourceTree = "<group>"; };
/* End PBXFileReference section */

/* Begin PBXFrameworksBuildPhase section */
		040B7DBB27D4DE0800DCAAEA /* Frameworks */ = {
			isa = PBXFrameworksBuildPhase;
			buildActionMask = 2147483647;
			files = (
			);
			runOnlyForDeploymentPostprocessing = 0;
		};
/* End PBXFrameworksBuildPhase section */

/* Begin PBXGroup section */
		040B7DB527D4DE0800DCAAEA = {
			isa = PBXGroup;
			children = (
				040B7DC027D4DE0800DCAAEA /* WeatherApp */,
				040B7DBF27D4DE0800DCAAEA /* Products */,
			);
			sourceTree = "<group>";
		};
		040B7DBF27D4DE0800DCAAEA /* Products */ = {
			isa = PBXGroup;
			children = (
				040B7DBE27D4DE0800DCAAEA /* WeatherApp.app */,
			);
			name = Products;
			sourceTree = "<group>";
		};
		040B7DC027D4DE0800DCAAEA /* WeatherApp */ = {
			isa = PBXGroup;
			children = (
				040B7DC127D4DE0800DCAAEA /* AppDelegate.swift */,
				040B7DC327D4DE0800DCAAEA /* SceneDelegate.swift */,
				040B7DE727D4E18E00DCAAEA /* Model */,
				040B7DDB27D4E12E00DCAAEA /* Controller */,
				040B7DDA27D4E12000DCAAEA /* View */,
				040B7DCA27D4DE0A00DCAAEA /* Assets.xcassets */,
				040B7DCC27D4DE0A00DCAAEA /* LaunchScreen.storyboard */,
				040B7DCF27D4DE0A00DCAAEA /* Info.plist */,
			);
			path = WeatherApp;
			sourceTree = "<group>";
		};
		040B7DDA27D4E12000DCAAEA /* View */ = {
			isa = PBXGroup;
			children = (
				040B7DC727D4DE0800DCAAEA /* Main.storyboard */,
			);
			path = View;
			sourceTree = "<group>";
		};
		040B7DDB27D4E12E00DCAAEA /* Controller */ = {
			isa = PBXGroup;
			children = (
				040B7DC527D4DE0800DCAAEA /* WeatherViewController.swift */,
			);
			path = Controller;
			sourceTree = "<group>";
		};
		040B7DE727D4E18E00DCAAEA /* Model */ = {
			isa = PBXGroup;
			children = (
				040B7DDD27D4E16D00DCAAEA /* Weather.swift */,
				040B7DE027D4E17100DCAAEA /* WeatherManager.swift */,
				040B7DE327D4E17500DCAAEA /* WeatherModel.swift */,
			);
			path = Model;
			sourceTree = "<group>";
		};
/* End PBXGroup section */

/* Begin PBXNativeTarget section */
		040B7DBD27D4DE0800DCAAEA /* WeatherApp */ = {
			isa = PBXNativeTarget;
			buildConfigurationList = 040B7DD227D4DE0A00DCAAEA /* Build configuration list for PBXNativeTarget "WeatherApp" */;
			buildPhases = (
				040B7DBA27D4DE0800DCAAEA /* Sources */,
				040B7DBB27D4DE0800DCAAEA /* Frameworks */,
				040B7DBC27D4DE0800DCAAEA /* Resources */,
			);
			buildRules = (
			);
			dependencies = (
			);
			name = WeatherApp;
			productName = WeatherApp;
			productReference = 040B7DBE27D4DE0800DCAAEA /* WeatherApp.app */;
			productType = "com.apple.product-type.application";
		};
/* End PBXNativeTarget section */

/* Begin PBXProject section */
		040B7DB627D4DE0800DCAAEA /* Project object */ = {
			isa = PBXProject;
			attributes = {
				LastSwiftUpdateCheck = 1240;
				LastUpgradeCheck = 1240;
				TargetAttributes = {
					040B7DBD27D4DE0800DCAAEA = {
						CreatedOnToolsVersion = 12.4;
					};
				};
			};
			buildConfigurationList = 040B7DB927D4DE0800DCAAEA /* Build configuration list for PBXProject "WeatherApp" */;
			compatibilityVersion = "Xcode 9.3";
			developmentRegion = en;
			hasScannedForEncodings = 0;
			knownRegions = (
				en,
				Base,
			);
			mainGroup = 040B7DB527D4DE0800DCAAEA;
			productRefGroup = 040B7DBF27D4DE0800DCAAEA /* Products */;
			projectDirPath = "";
			projectRoot = "";
			targets = (
				040B7DBD27D4DE0800DCAAEA /* WeatherApp */,
			);
		};
/* End PBXProject section */

/* Begin PBXResourcesBuildPhase section */
		040B7DBC27D4DE0800DCAAEA /* Resources */ = {
			isa = PBXResourcesBuildPhase;
			buildActionMask = 2147483647;
			files = (
				040B7DCE27D4DE0A00DCAAEA /* LaunchScreen.storyboard in Resources */,
				040B7DCB27D4DE0A00DCAAEA /* Assets.xcassets in Resources */,
				040B7DC927D4DE0800DCAAEA /* Main.storyboard in Resources */,
			);
			runOnlyForDeploymentPostprocessing = 0;
		};
/* End PBXResourcesBuildPhase section */

/* Begin PBXSourcesBuildPhase section */
		040B7DBA27D4DE0800DCAAEA /* Sources */ = {
			isa = PBXSourcesBuildPhase;
			buildActionMask = 2147483647;
			files = (
				040B7DDE27D4E16D00DCAAEA /* Weather.swift in Sources */,
				040B7DC627D4DE0800DCAAEA /* WeatherViewController.swift in Sources */,
				040B7DE127D4E17100DCAAEA /* WeatherManager.swift in Sources */,
				040B7DC227D4DE0800DCAAEA /* AppDelegate.swift in Sources */,
				040B7DE427D4E17500DCAAEA /* WeatherModel.swift in Sources */,
				040B7DC427D4DE0800DCAAEA /* SceneDelegate.swift in Sources */,
			);
			runOnlyForDeploymentPostprocessing = 0;
		};
/* End PBXSourcesBuildPhase section */

/* Begin PBXVariantGroup section */
		040B7DC727D4DE0800DCAAEA /* Main.storyboard */ = {
			isa = PBXVariantGroup;
			children = (
				040B7DC827D4DE0800DCAAEA /* Base */,
			);
			name = Main.storyboard;
			sourceTree = "<group>";
		};
		040B7DCC27D4DE0A00DCAAEA /* LaunchScreen.storyboard */ = {
			isa = PBXVariantGroup;
			children = (
				040B7DCD27D4DE0A00DCAAEA /* Base */,
			);
			name = LaunchScreen.storyboard;
			sourceTree = "<group>";
		};
/* End PBXVariantGroup section */

/* Begin XCBuildConfiguration section */
		040B7DD027D4DE0A00DCAAEA /* Debug */ = {
			isa = XCBuildConfiguration;
			buildSettings = {
				ALWAYS_SEARCH_USER_PATHS = NO;
				CLANG_ANALYZER_NONNULL = YES;
				CLANG_ANALYZER_NUMBER_OBJECT_CONVERSION = YES_AGGRESSIVE;
				CLANG_CXX_LANGUAGE_STANDARD = "gnu++14";
				CLANG_CXX_LIBRARY = "libc++";
				CLANG_ENABLE_MODULES = YES;
				CLANG_ENABLE_OBJC_ARC = YES;
				CLANG_ENABLE_OBJC_WEAK = YES;
				CLANG_WARN_BLOCK_CAPTURE_AUTORELEASING = YES;
				CLANG_WARN_BOOL_CONVERSION = YES;
				CLANG_WARN_COMMA = YES;
				CLANG_WARN_CONSTANT_CONVERSION = YES;
				CLANG_WARN_DEPRECATED_OBJC_IMPLEMENTATIONS = YES;
				CLANG_WARN_DIRECT_OBJC_ISA_USAGE = YES_ERROR;
				CLANG_WARN_DOCUMENTATION_COMMENTS = YES;
				CLANG_WARN_EMPTY_BODY = YES;
				CLANG_WARN_ENUM_CONVERSION = YES;
				CLANG_WARN_INFINITE_RECURSION = YES;
				CLANG_WARN_INT_CONVERSION = YES;
				CLANG_WARN_NON_LITERAL_NULL_CONVERSION = YES;
				CLANG_WARN_OBJC_IMPLICIT_RETAIN_SELF = YES;
				CLANG_WARN_OBJC_LITERAL_CONVERSION = YES;
				CLANG_WARN_OBJC_ROOT_CLASS = YES_ERROR;
				CLANG_WARN_QUOTED_INCLUDE_IN_FRAMEWORK_HEADER = YES;
				CLANG_WARN_RANGE_LOOP_ANALYSIS = YES;
				CLANG_WARN_STRICT_PROTOTYPES = YES;
				CLANG_WARN_SUSPICIOUS_MOVE = YES;
				CLANG_WARN_UNGUARDED_AVAILABILITY = YES_AGGRESSIVE;
				CLANG_WARN_UNREACHABLE_CODE = YES;
				CLANG_WARN__DUPLICATE_METHOD_MATCH = YES;
				COPY_PHASE_STRIP = NO;
				DEBUG_INFORMATION_FORMAT = dwarf;
				ENABLE_STRICT_OBJC_MSGSEND = YES;
				ENABLE_TESTABILITY = YES;
				GCC_C_LANGUAGE_STANDARD = gnu11;
				GCC_DYNAMIC_NO_PIC = NO;
				GCC_NO_COMMON_BLOCKS = YES;
				GCC_OPTIMIZATION_LEVEL = 0;
				GCC_PREPROCESSOR_DEFINITIONS = (
					"DEBUG=1",
					"$(inherited)",
				);
				GCC_WARN_64_TO_32_BIT_CONVERSION = YES;
				GCC_WARN_ABOUT_RETURN_TYPE = YES_ERROR;
				GCC_WARN_UNDECLARED_SELECTOR = YES;
				GCC_WARN_UNINITIALIZED_AUTOS = YES_AGGRESSIVE;
				GCC_WARN_UNUSED_FUNCTION = YES;
				GCC_WARN_UNUSED_VARIABLE = YES;
				IPHONEOS_DEPLOYMENT_TARGET = 14.4;
				MTL_ENABLE_DEBUG_INFO = INCLUDE_SOURCE;
				MTL_FAST_MATH = YES;
				ONLY_ACTIVE_ARCH = YES;
				SDKROOT = iphoneos;
				SWIFT_ACTIVE_COMPILATION_CONDITIONS = DEBUG;
				SWIFT_OPTIMIZATION_LEVEL = "-Onone";
			};
			name = Debug;
		};
		040B7DD127D4DE0A00DCAAEA /* Release */ = {
			isa = XCBuildConfiguration;
			buildSettings = {
				ALWAYS_SEARCH_USER_PATHS = NO;
				CLANG_ANALYZER_NONNULL = YES;
				CLANG_ANALYZER_NUMBER_OBJECT_CONVERSION = YES_AGGRESSIVE;
				CLANG_CXX_LANGUAGE_STANDARD = "gnu++14";
				CLANG_CXX_LIBRARY = "libc++";
				CLANG_ENABLE_MODULES = YES;
				CLANG_ENABLE_OBJC_ARC = YES;
				CLANG_ENABLE_OBJC_WEAK = YES;
				CLANG_WARN_BLOCK_CAPTURE_AUTORELEASING = YES;
				CLANG_WARN_BOOL_CONVERSION = YES;
				CLANG_WARN_COMMA = YES;
				CLANG_WARN_CONSTANT_CONVERSION = YES;
				CLANG_WARN_DEPRECATED_OBJC_IMPLEMENTATIONS = YES;
				CLANG_WARN_DIRECT_OBJC_ISA_USAGE = YES_ERROR;
				CLANG_WARN_DOCUMENTATION_COMMENTS = YES;
				CLANG_WARN_EMPTY_BODY = YES;
				CLANG_WARN_ENUM_CONVERSION = YES;
				CLANG_WARN_INFINITE_RECURSION = YES;
				CLANG_WARN_INT_CONVERSION = YES;
				CLANG_WARN_NON_LITERAL_NULL_CONVERSION = YES;
				CLANG_WARN_OBJC_IMPLICIT_RETAIN_SELF = YES;
				CLANG_WARN_OBJC_LITERAL_CONVERSION = YES;
				CLANG_WARN_OBJC_ROOT_CLASS = YES_ERROR;
				CLANG_WARN_QUOTED_INCLUDE_IN_FRAMEWORK_HEADER = YES;
				CLANG_WARN_RANGE_LOOP_ANALYSIS = YES;
				CLANG_WARN_STRICT_PROTOTYPES = YES;
				CLANG_WARN_SUSPICIOUS_MOVE = YES;
				CLANG_WARN_UNGUARDED_AVAILABILITY = YES_AGGRESSIVE;
				CLANG_WARN_UNREACHABLE_CODE = YES;
				CLANG_WARN__DUPLICATE_METHOD_MATCH = YES;
				COPY_PHASE_STRIP = NO;
				DEBUG_INFORMATION_FORMAT = "dwarf-with-dsym";
				ENABLE_NS_ASSERTIONS = NO;
				ENABLE_STRICT_OBJC_MSGSEND = YES;
				GCC_C_LANGUAGE_STANDARD = gnu11;
				GCC_NO_COMMON_BLOCKS = YES;
				GCC_WARN_64_TO_32_BIT_CONVERSION = YES;
				GCC_WARN_ABOUT_RETURN_TYPE = YES_ERROR;
				GCC_WARN_UNDECLARED_SELECTOR = YES;
				GCC_WARN_UNINITIALIZED_AUTOS = YES_AGGRESSIVE;
				GCC_WARN_UNUSED_FUNCTION = YES;
				GCC_WARN_UNUSED_VARIABLE = YES;
				IPHONEOS_DEPLOYMENT_TARGET = 14.4;
				MTL_ENABLE_DEBUG_INFO = NO;
				MTL_FAST_MATH = YES;
				SDKROOT = iphoneos;
				SWIFT_COMPILATION_MODE = wholemodule;
				SWIFT_OPTIMIZATION_LEVEL = "-O";
				VALIDATE_PRODUCT = YES;
			};
			name = Release;
		};
		040B7DD327D4DE0A00DCAAEA /* Debug */ = {
			isa = XCBuildConfiguration;
			buildSettings = {
				ASSETCATALOG_COMPILER_APPICON_NAME = AppIcon;
				ASSETCATALOG_COMPILER_GLOBAL_ACCENT_COLOR_NAME = AccentColor;
				CODE_SIGN_STYLE = Automatic;
				INFOPLIST_FILE = WeatherApp/Info.plist;
				LD_RUNPATH_SEARCH_PATHS = (
					"$(inherited)",
					"@executable_path/Frameworks",
				);
				PRODUCT_BUNDLE_IDENTIFIER = MyOrg.WeatherApp;
				PRODUCT_NAME = "$(TARGET_NAME)";
				SWIFT_VERSION = 5.0;
				TARGETED_DEVICE_FAMILY = "1,2";
			};
			name = Debug;
		};
		040B7DD427D4DE0A00DCAAEA /* Release */ = {
			isa = XCBuildConfiguration;
			buildSettings = {
				ASSETCATALOG_COMPILER_APPICON_NAME = AppIcon;
				ASSETCATALOG_COMPILER_GLOBAL_ACCENT_COLOR_NAME = AccentColor;
				CODE_SIGN_STYLE = Automatic;
				INFOPLIST_FILE = WeatherApp/Info.plist;
				LD_RUNPATH_SEARCH_PATHS = (
					"$(inherited)",
					"@executable_path/Frameworks",
				);
				PRODUCT_BUNDLE_IDENTIFIER = MyOrg.WeatherApp;
				PRODUCT_NAME = "$(TARGET_NAME)";
				SWIFT_VERSION = 5.0;
				TARGETED_DEVICE_FAMILY = "1,2";
			};
			name = Release;
		};
/* End XCBuildConfiguration section */

/* Begin XCConfigurationList section */
		040B7DB927D4DE0800DCAAEA /* Build configuration list for PBXProject "WeatherApp" */ = {
			isa = XCConfigurationList;
			buildConfigurations = (
				040B7DD027D4DE0A00DCAAEA /* Debug */,
				040B7DD127D4DE0A00DCAAEA /* Release */,
			);
			defaultConfigurationIsVisible = 0;
			defaultConfigurationName = Release;
		};
		040B7DD227D4DE0A00DCAAEA /* Build configuration list for PBXNativeTarget "WeatherApp" */ = {
			isa = XCConfigurationList;
			buildConfigurations = (
				040B7DD327D4DE0A00DCAAEA /* Debug */,
				040B7DD427D4DE0A00DCAAEA /* Release */,
			);
			defaultConfigurationIsVisible = 0;
			defaultConfigurationName = Release;
		};
/* End XCConfigurationList section */
	};
	rootObject = 040B7DB627D4DE0800DCAAEA /* Project object */;
}
